<?xml version="1.0" encoding="utf-8"?>
<Project ToolsVersion="4.0" xmlns="http://schemas.microsoft.com/developer/msbuild/2003">
  <ItemGroup>
    <Filter Include="Source Files">
      <UniqueIdentifier>{4FC737F1-C7A5-4376-A066-2A32D752A2FF}</UniqueIdentifier>
      <Extensions>cpp;c;cc;cxx;def;odl;idl;hpj;bat;asm;asmx</Extensions>
    </Filter>
    <Filter Include="Header Files">
      <UniqueIdentifier>{93995380-89BD-4b04-88EB-625FBE52EBFB}</UniqueIdentifier>
      <Extensions>h;hh;hpp;hxx;hm;inl;inc;ipp;xsd</Extensions>
    </Filter>
    <Filter Include="Resource Files">
      <UniqueIdentifier>{67DA6AB6-F800-4c08-8B7A-83BB121AAD01}</UniqueIdentifier>
      <Extensions>rc;ico;cur;bmp;dlg;rc2;rct;bin;rgs;gif;jpg;jpeg;jpe;resx;tiff;tif;png;wav;mfcribbon-ms</Extensions>
    </Filter>
    <Filter Include="Actors">
      <UniqueIdentifier>{e7148f99-4392-492b-980a-1dfc1ab40cdb}</UniqueIdentifier>
    </Filter>
    <Filter Include="Animation">
      <UniqueIdentifier>{7d7b2347-b059-4c7d-a8bb-5446657f34cd}</UniqueIdentifier>
    </Filter>
    <Filter Include="Components">
      <UniqueIdentifier>{c1141a7a-3408-4fe5-9539-6d17271fa2ba}</UniqueIdentifier>
    </Filter>
    <Filter Include="Components\Actor">
      <UniqueIdentifier>{238bb14c-62d6-473a-9268-40e61e1541df}</UniqueIdentifier>
    </Filter>
    <Filter Include="Components\Transform">
      <UniqueIdentifier>{82b58641-4b2d-4984-b3f6-6e1e3bdf1536}</UniqueIdentifier>
    </Filter>
    <Filter Include="Draw">
      <UniqueIdentifier>{03aa6ae1-2d7f-49ef-8bb9-835c7cce53af}</UniqueIdentifier>
    </Filter>
    <Filter Include="Components\Shape">
      <UniqueIdentifier>{e3b31332-d94b-427c-a938-7406dc3cd0de}</UniqueIdentifier>
    </Filter>
  </ItemGroup>
  <ItemGroup>
    <ClCompile Include="..\..\main.cpp">
      <Filter>Source Files</Filter>
    </ClCompile>
    <ClCompile Include="..\..\Actors\SpecialAbilityComponent.cpp">
      <Filter>Actors</Filter>
    </ClCompile>
    <ClCompile Include="PrinterScriptingComponent.cpp">
      <Filter>Source Files</Filter>
    </ClCompile>
    <ClCompile Include="SplashScreen.cpp">
      <Filter>Animation</Filter>
    </ClCompile>
    <ClCompile Include="..\..\OrangeEngine.cpp">
      <Filter>Source Files</Filter>
    </ClCompile>
    <ClCompile Include="Actor.cpp">
      <Filter>Components\Actor</Filter>
    </ClCompile>
    <ClCompile Include="Transform.cpp">
      <Filter>Components\Transform</Filter>
    </ClCompile>
    <ClCompile Include="ScriptComponent.cpp">
      <Filter>Actors</Filter>
    </ClCompile>
    <ClCompile Include="Draw.cpp">
      <Filter>Draw</Filter>
    </ClCompile>
    <ClCompile Include="ShapeComponent.cpp">
      <Filter>Components\Shape</Filter>
    </ClCompile>
    <ClCompile Include="ScriptingSystem.cpp">
      <Filter>Actors</Filter>
    </ClCompile>
    <ClCompile Include="Scene1.cpp">
      <Filter>Draw</Filter>
    </ClCompile>
  </ItemGroup>
  <ItemGroup>
    <ClInclude Include="..\..\Actors\SpecialAbilityComponent.h">
      <Filter>Header Files</Filter>
    </ClInclude>
    <ClInclude Include="..\..\Actors\AbilitiesInterface.h">
      <Filter>Header Files</Filter>
    </ClInclude>
    <ClInclude Include="PrinterScriptingComponent.h">
      <Filter>Header Files</Filter>
    </ClInclude>
    <ClInclude Include="SplashScreen.h">
      <Filter>Animation</Filter>
    </ClInclude>
    <ClInclude Include="..\..\OrangeEngine.h">
      <Filter>Source Files</Filter>
    </ClInclude>
    <ClInclude Include="ActorComponent.h">
      <Filter>Components\Actor</Filter>
    </ClInclude>
    <ClInclude Include="Actor.h">
      <Filter>Components\Actor</Filter>
    </ClInclude>
    <ClInclude Include="Transform.h">
      <Filter>Components\Transform</Filter>
    </ClInclude>
    <ClInclude Include="ScriptComponent.h">
      <Filter>Actors</Filter>
    </ClInclude>
    <ClInclude Include="Draw.h">
      <Filter>Draw</Filter>
    </ClInclude>
    <ClInclude Include="ShapeComponent.h">
      <Filter>Components\Shape</Filter>
    </ClInclude>
    <ClInclude Include="ScriptingSystem.h">
      <Filter>Actors</Filter>
    </ClInclude>
    <ClInclude Include="Scene1.h">
      <Filter>Draw</Filter>
    </ClInclude>
  </ItemGroup>
</Project>