<?xml version="1.0" encoding="utf-8"?>
<Project ToolsVersion="4.0" xmlns="http://schemas.microsoft.com/developer/msbuild/2003">
  <ItemGroup>
    <Filter Include="Source Files">
      <UniqueIdentifier>{4FC737F1-C7A5-4376-A066-2A32D752A2FF}</UniqueIdentifier>
      <Extensions>cpp;c;cc;cxx;def;odl;idl;hpj;bat;asm;asmx</Extensions>
    </Filter>
    <Filter Include="Header Files">
      <UniqueIdentifier>{93995380-89BD-4b04-88EB-625FBE52EBFB}</UniqueIdentifier>
      <Extensions>h;hh;hpp;hxx;hm;inl;inc;ipp;xsd</Extensions>
    </Filter>
    <Filter Include="Resource Files">
      <UniqueIdentifier>{67DA6AB6-F800-4c08-8B7A-83BB121AAD01}</UniqueIdentifier>
      <Extensions>rc;ico;cur;bmp;dlg;rc2;rct;bin;rgs;gif;jpg;jpeg;jpe;resx;tiff;tif;png;wav;mfcribbon-ms</Extensions>
    </Filter>
    <Filter Include="Resource Files\Engine">
      <UniqueIdentifier>{79280948-c911-4167-8fd3-1d7f637a1ca0}</UniqueIdentifier>
    </Filter>
    <Filter Include="Header Files\Engine">
      <UniqueIdentifier>{dc30c454-d276-47e7-b146-285024573ad9}</UniqueIdentifier>
    </Filter>
    <Filter Include="Header Files\Unity">
      <UniqueIdentifier>{93f13321-de6b-4f00-8620-80f28788a6f7}</UniqueIdentifier>
    </Filter>
    <Filter Include="Resource Files\System">
      <UniqueIdentifier>{c7a6fd2d-ecb0-49f4-a228-a5a7b2660643}</UniqueIdentifier>
    </Filter>
    <Filter Include="Header Files\System">
      <UniqueIdentifier>{571e6117-a15e-4ddd-8228-06c804b5ebfb}</UniqueIdentifier>
    </Filter>
    <Filter Include="Header Files\ResourceManager">
      <UniqueIdentifier>{8422aba5-cfaa-4cfa-9bba-afc587f1fdd4}</UniqueIdentifier>
    </Filter>
    <Filter Include="Header Files\Component">
      <UniqueIdentifier>{3b3b6ada-2c2a-435c-8833-dfddd98100fb}</UniqueIdentifier>
    </Filter>
    <Filter Include="Resource Files\Component">
      <UniqueIdentifier>{aaaf63c3-3b51-4f29-8e7c-a5ea7971f3be}</UniqueIdentifier>
    </Filter>
    <Filter Include="Header Files\Component\Aduio">
      <UniqueIdentifier>{103383a2-3f69-45f4-a7d8-cdd311975dc8}</UniqueIdentifier>
    </Filter>
    <Filter Include="Resource Files\Component\Audio">
      <UniqueIdentifier>{f596f5ec-4b0c-48a9-accf-f103f39ae91b}</UniqueIdentifier>
    </Filter>
    <Filter Include="Header Files\Component\Transform">
      <UniqueIdentifier>{9fac34a7-a7c4-4902-84c1-ac5b25bfd6b6}</UniqueIdentifier>
    </Filter>
    <Filter Include="Resource Files\Component\Transform">
      <UniqueIdentifier>{5c636271-26c5-4459-989e-1ee0b2ace849}</UniqueIdentifier>
    </Filter>
    <Filter Include="Resource Files\Component\Script">
      <UniqueIdentifier>{86c15a8b-4512-451c-8b74-f0546108dd3c}</UniqueIdentifier>
    </Filter>
    <Filter Include="Header Files\Component\Script">
      <UniqueIdentifier>{610df960-4d0e-4313-aa63-0ed109c78c2a}</UniqueIdentifier>
    </Filter>
    <Filter Include="Header Files\System\Input">
      <UniqueIdentifier>{b413753a-bdef-4ca3-8edf-10bec637035e}</UniqueIdentifier>
    </Filter>
    <Filter Include="Resource Files\System\Input">
      <UniqueIdentifier>{6d368a41-f06c-41ba-a893-98360b2f48e6}</UniqueIdentifier>
    </Filter>
    <Filter Include="Header Files\Component\Render">
      <UniqueIdentifier>{e4fa6567-dd8c-47b1-b0b5-c9d98b0c67e7}</UniqueIdentifier>
    </Filter>
    <Filter Include="Resource Files\Component\Render">
      <UniqueIdentifier>{14674309-929f-4afd-8513-29580cb1ff4e}</UniqueIdentifier>
    </Filter>
    <Filter Include="Header Files\System\RigidBody">
      <UniqueIdentifier>{212ca0ea-db7d-490f-af1c-4affe26136c3}</UniqueIdentifier>
    </Filter>
    <Filter Include="Resource Files\System\RigidBody">
      <UniqueIdentifier>{f4813fac-8158-4e0e-9a81-e623737d524d}</UniqueIdentifier>
    </Filter>
    <Filter Include="Header Files\System\Physic">
      <UniqueIdentifier>{3e8cf531-7104-430a-8848-d07cca73b454}</UniqueIdentifier>
    </Filter>
    <Filter Include="Resource Files\System\Physic">
      <UniqueIdentifier>{ae436955-8100-42e6-9990-a3eb950b063d}</UniqueIdentifier>
    </Filter>
    <Filter Include="Header Files\Actor">
      <UniqueIdentifier>{0bc86f3c-71f6-4f07-8851-a54387e2681e}</UniqueIdentifier>
    </Filter>
    <Filter Include="Resource Files\Actor">
      <UniqueIdentifier>{5415adc9-053f-45a5-819b-0574170b2017}</UniqueIdentifier>
    </Filter>
    <Filter Include="Header Files\JsonLoader">
      <UniqueIdentifier>{ced4b390-089d-437f-a0ea-b2a40a59321e}</UniqueIdentifier>
    </Filter>
    <Filter Include="Resource Files\JsonLoader">
      <UniqueIdentifier>{e7ed47b6-f51d-4e4b-a23a-0c8e3fc786a7}</UniqueIdentifier>
    </Filter>
    <Filter Include="Header Files\System\Splash">
      <UniqueIdentifier>{696f23fa-5b9f-4a71-b2b8-c4c9046500e8}</UniqueIdentifier>
    </Filter>
    <Filter Include="Resource Files\System\Splash">
      <UniqueIdentifier>{2c6997ab-e8bd-47e0-a3f6-942194c8277e}</UniqueIdentifier>
    </Filter>
  </ItemGroup>
  <ItemGroup>
    <ClCompile Include="Include\Engine\GameCodeApp.cpp">
      <Filter>Resource Files\Engine</Filter>
    </ClCompile>
    <ClCompile Include="Include\Engine\OrangeEngine.cpp">
      <Filter>Resource Files\Engine</Filter>
    </ClCompile>
    <ClCompile Include="Include\Components\Audio\AudioComponent.cpp">
      <Filter>Resource Files\Component\Audio</Filter>
    </ClCompile>
    <ClCompile Include="Include\Components\Transform\TransformComponent.cpp">
      <Filter>Resource Files\Component\Transform</Filter>
    </ClCompile>
    <ClCompile Include="Include\Components\Script\ScriptComponent.cpp">
      <Filter>Resource Files\Component\Script</Filter>
    </ClCompile>
    <ClCompile Include="Include\System\Input\InputSystem.cpp">
      <Filter>Resource Files\System\Input</Filter>
    </ClCompile>
    <ClCompile Include="Include\Components\Render\RenderComponent.cpp">
      <Filter>Resource Files\Component\Render</Filter>
    </ClCompile>
    <ClCompile Include="Include\System\RigidBody\RigidBody.cpp">
      <Filter>Resource Files\System\RigidBody</Filter>
    </ClCompile>
    <ClCompile Include="Include\System\Physic\PhysicSystem.cpp">
      <Filter>Resource Files\System\Physic</Filter>
    </ClCompile>
    <ClCompile Include="Include\GameObject\GameObject.cpp">
      <Filter>Resource Files\Actor</Filter>
    </ClCompile>
    <ClCompile Include="Include\JsonLoader\JsonParser.cpp">
      <Filter>Resource Files\JsonLoader</Filter>
    </ClCompile>
    <ClCompile Include="main.cpp">
      <Filter>Source Files</Filter>
    </ClCompile>
    <ClCompile Include="Include\System\SystemInit.cpp">
      <Filter>Resource Files\System</Filter>
    </ClCompile>
    <ClCompile Include="Include\System\Splash\SplashScreen.cpp">
      <Filter>Resource Files\System\Splash</Filter>
    </ClCompile>
  </ItemGroup>
  <ItemGroup>
    <ClInclude Include="Include\Unity\Unity.h">
      <Filter>Header Files\Unity</Filter>
    </ClInclude>
    <ClInclude Include="Include\Engine\GameCodeApp.h">
      <Filter>Header Files\Engine</Filter>
    </ClInclude>
    <ClInclude Include="Include\Engine\OrangeEngine.h">
      <Filter>Header Files\Engine</Filter>
    </ClInclude>
    <ClInclude Include="Include\ResourceManager\ResourceManager.h">
      <Filter>Header Files\ResourceManager</Filter>
    </ClInclude>
    <ClInclude Include="Include\Components\BaseComponent.h">
      <Filter>Header Files\Component</Filter>
    </ClInclude>
    <ClInclude Include="Include\Components\Audio\AudioComponent.h">
      <Filter>Header Files\Component\Aduio</Filter>
    </ClInclude>
    <ClInclude Include="ThirdPartyPlugin\sol2\sol.hpp">
      <Filter>Header Files\Unity</Filter>
    </ClInclude>
    <ClInclude Include="ThirdPartyPlugin\sol2\sol_forward.hpp">
      <Filter>Header Files\Unity</Filter>
    </ClInclude>
    <ClInclude Include="Include\Components\Transform\TransformComponent.h">
      <Filter>Header Files\Component\Transform</Filter>
    </ClInclude>
    <ClInclude Include="Include\Components\Script\ScriptComponent.h">
      <Filter>Header Files\Component\Script</Filter>
    </ClInclude>
    <ClInclude Include="Include\System\Input\InputSystem.h">
      <Filter>Header Files\System\Input</Filter>
    </ClInclude>
    <ClInclude Include="Include\Components\Render\RenderComponent.h">
      <Filter>Header Files\Component\Render</Filter>
    </ClInclude>
    <ClInclude Include="Include\System\RigidBody\RigidBody.h">
      <Filter>Header Files\System\RigidBody</Filter>
    </ClInclude>
    <ClInclude Include="Include\System\Physic\PhysicSystem.h">
      <Filter>Header Files\System\Physic</Filter>
    </ClInclude>
    <ClInclude Include="Include\GameObject\GameObject.h">
      <Filter>Header Files\Actor</Filter>
    </ClInclude>
    <ClInclude Include="Include\JsonLoader\JsonParser.h">
      <Filter>Header Files\JsonLoader</Filter>
    </ClInclude>
    <ClInclude Include="Include\System\SystemInit.h">
      <Filter>Header Files\System</Filter>
    </ClInclude>
    <ClInclude Include="Include\System\Splash\SplashScreen.h">
      <Filter>Header Files\System\Splash</Filter>
    </ClInclude>
  </ItemGroup>
</Project>